{
    "_meta": {
        "hash": {
            "sha256": "c37f2e7dc763a11b0cc3cf5bad4129c6651d4bf49231c3f0a252993a9fcf4767"
        },
        "pipfile-spec": 6,
        "requires": {
            "python_version": "3.8"
        },
        "sources": [
            {
                "name": "pypi",
                "url": "https://pypi.org/simple",
                "verify_ssl": true
            }
        ]
    },
    "default": {
        "pillow": {
            "hashes": [
                "sha256:04d984e45a0b9815f4b407e8aadb50f25fbb82a605d89db927376e94c3adf371",
                "sha256:06e730451b70471c08b8a0ee7f18e7e1df310dba9c780bbfb730a13102b143db",
                "sha256:1f59596af2b3d64a9e43f9d6509b7a51db744d0eecc23297617c604e6823c6ae",
                "sha256:233513465a2f25fce537b965621866da3d1f02e15708f371dd4e19f0fb7b7711",
                "sha256:2696f1a6402c1a42ed12c5cd8adfb4b381c32d41e35a34b8ee544309ef854172",
                "sha256:2ca55a4443b463eec90528ac27be14d226b1c2b972178bc7d4d282ce89e47b6a",
                "sha256:30615e9115f976e00a938a28c7152562e8cf8e221ddacf4446dd8b20c0d97333",
                "sha256:3a77e7b9f8991b81d7be8e0b2deab05013cf3ebb24ac2b863d2979acb68c73dd",
                "sha256:54667c8ab16658cc0b7d824d8706b440d4db8382a3561042758bdfd48ca99298",
                "sha256:59304c67d12394815331eda95ec892bf54ad95e0aa7bc1ccd8e0a4a5a25d4bf3",
                "sha256:594f2f25b7bcfd9542c41b9df156fb5104f19f5fcefa51b1447f1d9f64c9cc14",
                "sha256:5b5dde5dcedc4e6f5a71d7654a3c6e189ced82e97d7896b1ca5a5c5e4e0e916f",
                "sha256:6bcea85f93fb2c94a1bcd35704c348a929a7fb24a0ec0cc2b9fcbb0046b87176",
                "sha256:718d7f0eb3351052023b33fe0f83fc9e3beeb7cbacbd0ff2b52524e2153e4598",
                "sha256:7c4a7ee37027ca716f42726b6f9fc491c13c843c7af559e0767dfab1ae9682d4",
                "sha256:87a855b64a9b692604f6339baa4f9913d06838df1b4ccf0cb899dd18f56ec03c",
                "sha256:8c006d52365c0a6bb41a07f9c8f9f458ae8170e0af3b8c49bf7089347066b97b",
                "sha256:8e29701229705615d3dcfc439c7c46f40f913e57c7fe322b1efc30d3f37d1287",
                "sha256:9b5b41737853bc49943864d5980dfb401a09e78ddb471e71291810ccdeadd712",
                "sha256:b04569ff215b85ce3e2954979d2d5e0bf84007e43ddcf84b632fc6bc18e07909",
                "sha256:b731d45764349313bd956c07bdc1d43803bb0ad2b11354328a074e416c7d84bc",
                "sha256:c12e33cb17e2e12049a49b77696ee479791a4e44e541fdc393ae043e1246389f",
                "sha256:c41442c3814afeba1f6f16fd70cdf312a2c73c6dee8dc3ac8926bb115713ad1d",
                "sha256:c4d743c5c91424965707c9c8edc58b7cb43c127dcaf191fbcd304e2082eef56a",
                "sha256:d6766fd28f4f47cf93280a57e3dc6a9d11bdada1a6e9f019b8c62b12bbc86f6a",
                "sha256:d904570afcdbec40eb6bdbe24cba8d95c0215a2c0cbbc9c16301045bc8504c1f",
                "sha256:e674be2f349ea810e221b0113bd4491f53584ac848d5bcc3b62443cfa11d9c40",
                "sha256:e6ac40f1a62a227eb00226eb64c9c82bc878a3ed700b5414d34c9be57be87e87",
                "sha256:f5270369c799b4405ed47d45c88c09fbd7942fc9fb9891c0dabf0b8c751b625d"
            ],
            "markers": "python_version >= '3.6'",
            "version": "==8.0.0"
        },
        "reportlab": {
            "hashes": [
                "sha256:0145233d3596fa5828972eb474b5a9f3fd5dea45d6f196fe006a7a7a461fcd03",
                "sha256:04fd4a129393006c4ba9cd9fff56b78ad60fe6702326e9260f55d4abac9f1df2",
                "sha256:067800caa12ea69e8df0a9206a7eda6697f91a33edb8413b778647d270bc9f34",
                "sha256:106a61093cf6084fbcb1272768f090b06137027e09c5e53c573c6c7b90216066",
                "sha256:13afbdca2b0844c19ee6804220bb96630f44ffa2571781de66a04e3f83609295",
                "sha256:155887770694a1febb4b1bcd2e2856c931225fa1fe8c5ef6772fce47c07f6204",
                "sha256:17c906bc410f5eef01795d709ad88663ab98447683d21b6e97bac9b366504a8a",
                "sha256:1880282b9a278b4df5139b2083b9116388d9e1fb4a438c60b3cc4ad983da1bc5",
                "sha256:2248f9c362f417d108329fdf5083ede1914757534f1b255d6c37a9a6d99c5efe",
                "sha256:2dc571be9d2fec76f8bddb540581429eb16057ff9101767d8b15166ad1de70db",
                "sha256:35dda0a1994a8fc009bf5826fe34dcdb15e561b05a5a01c506d949accfbdf027",
                "sha256:3858534058ab99fbedb34ceae31f85bbadeeb8e4dbb78a58927599a6f0422617",
                "sha256:4710d237fe9f729eacbbb7477d14eea00781704e0cdb83c789e610365e40627f",
                "sha256:49e32586d3a814a5f77407c0590504a72743ca278518b3c0f90182430f2d87af",
                "sha256:4cdb2ab88839f0d36364b71744b742e09699bde9b943aa35da26580831c3f106",
                "sha256:5e995f77124933d3e16ddc09f95ab36793083a1cb08ed2557811f8cfb254434b",
                "sha256:73bc92579692609837fb13f271f7436fdb7b6ddebb9e10185452d45814c365c3",
                "sha256:7931097db5f18e3ac6909a223e94dd3ad0258541f9802effa5b8f519ef9278e4",
                "sha256:7eb3d96adb309593bded364d25a32b80f9dc18b2f9a4b2001972194027a77eef",
                "sha256:886bdc7c13e6c6513696eb044000491c787fd53a486aa3adea060d34aa3cd028",
                "sha256:8c242a2be8d71ff18e11938cf45114d1144544984cd34fea0606f04144d62bea",
                "sha256:8f2759d2a81ee992054e7a1123cadd6baff4edecc1249e503bb6decd6b55e8ee",
                "sha256:9765c0eec5e6927aaccf6bd460fe24a014d35a3979f2c7507644fd5946775921",
                "sha256:9c7173def03fd3048f07bce00d4ca4793efc37239811d9b3eb77edb561363cd2",
                "sha256:a1d0e20cae86c6ba5e6626a9e07eca4d298341adfee778f87d5837bc76912135",
                "sha256:a5398e7af6136c25a34569132e7e2646c72a2f89e53028ef109fb03b5a2923a6",
                "sha256:a690fe672aa51ee3a6ff4c96d2f5d9744d3b6f27c999a795b9c513923f875bfc",
                "sha256:b18ea3593d4edc7f05c510ab298d48548d9a4473a643f37661b1669365d7d33c",
                "sha256:b727050ec5dfc4baeded07199d4640156f360ff4624b0194d8e91b234fc0c26b",
                "sha256:be53e8423f35d3c80b0560aec034226fdab5623bb4d64b962c3f04b65980b3e0",
                "sha256:c70e9c9cfdc0596c3912e0d147f42e83c7ac5642ac82d6fe05d85a6326bae14d",
                "sha256:ce7c13eb469f864085a546881a3bc9b46e20a73dc1a43b9e84153833e628dee3",
                "sha256:d6bd4d59f4b558165f05f9f7dfad37b9d788bcc05c0b37a6b0fcb6165d6893ec",
                "sha256:d75114965cc84ee51aaf3d7eda90f3554f3ac67350ebacd1dbb9193a7a525e21",
                "sha256:d78fdb967bd7652515d9a23ff3088e32e32ef96332737696e9eb0fda5602bf81",
                "sha256:d930a3de0fa9711b9c960dee92ff2b30c3f69568f00f0244834fe28d5563ea9b",
                "sha256:e32af1e47076a3fc77e6be5f7e2c8cbbc82fe493a5cd3f6190c0f8980c401e59",
                "sha256:e50de7d196f2d3940f3fdea0f30bf67929686d57285b3779fb071d05a810d65f",
                "sha256:e7b7e4a0ce0f455a4777528a8a316e87cc6cf887eaa2a4e6a0cc103f031c57c2",
                "sha256:e8dd01462a1bb41b6806aa93a703100d3fbba760f8feca96fcec710db9384a25"
            ],
            "index": "pypi",
            "version": "==3.5.53"
        },
        "toml": {
            "hashes": [
                "sha256:926b612be1e5ce0634a2ca03470f95169cf16f939018233a670519cb4ac58b0f",
                "sha256:bda89d5935c2eac546d648028b9901107a595863cb36bae0c73ac804a9b4ce88"
            ],
            "index": "pypi",
            "version": "==0.10.1"
        }
    },
    "develop": {}
}
